
Microsoft Visual Studio Solution File, Format Version 12.00
# Visual Studio Version 16
VisualStudioVersion = 16.0.31515.178
MinimumVisualStudioVersion = 10.0.40219.1
Project("{FAE04EC0-301F-11D3-BF4B-00C04F79EFBC}") = "GameOfLife", "GameOfLife\GameOfLife.csproj", "{3CDB0932-C5B2-4FB5-9F59-7F3E1F5D1FAE}"
EndProject
Global
	GlobalSection(SolutionConfigurationPlatforms) = preSolution
		Debug|Any CPU = Debug|Any CPU
		Release|Any CPU = Release|Any CPU
	EndGlobalSection
	GlobalSection(ProjectConfigurationPlatforms) = postSolution
		{3CDB0932-C5B2-4FB5-9F59-7F3E1F5D1FAE}.Debug|Any CPU.ActiveCfg = Debug|Any CPU
		{3CDB0932-C5B2-4FB5-9F59-7F3E1F5D1FAE}.Debug|Any CPU.Build.0 = Debug|Any CPU
		{3CDB0932-C5B2-4FB5-9F59-7F3E1F5D1FAE}.Release|Any CPU.ActiveCfg = Release|Any CPU
		{3CDB0932-C5B2-4FB5-9F59-7F3E1F5D1FAE}.Release|Any CPU.Build.0 = Release|Any CPU
	EndGlobalSection
	GlobalSection(SolutionProperties) = preSolution
		HideSolutionNode = FALSE
	EndGlobalSection
	GlobalSection(ExtensibilityGlobals) = postSolution
		SolutionGuid = {A551F8B9-E472-4F62-B0EE-110239EB2667}
	EndGlobalSection
EndGlobal
