
Microsoft Visual Studio Solution File, Format Version 12.00
# Visual Studio Version 16
VisualStudioVersion = 16.0.31515.178
MinimumVisualStudioVersion = 10.0.40219.1
Project("{9A19103F-16F7-4668-BE54-9A1E7A4F7556}") = "GameOfLife", "GameOfLife\GameOfLife.csproj", "{3CDB0932-C5B2-4FB5-9F59-7F3E1F5D1FAE}"
EndProject
Project("{9A19103F-16F7-4668-BE54-9A1E7A4F7556}") = "GameOfLife.Tests", "GameOfLife.Tests\GameOfLife.Tests.csproj", "{823262A1-1F5E-416F-BE33-775184F04E6F}"
EndProject
Global
	GlobalSection(SolutionConfigurationPlatforms) = preSolution
		Debug|Any CPU = Debug|Any CPU
		Release|Any CPU = Release|Any CPU
	EndGlobalSection
	GlobalSection(ProjectConfigurationPlatforms) = postSolution
		{3CDB0932-C5B2-4FB5-9F59-7F3E1F5D1FAE}.Debug|Any CPU.ActiveCfg = Debug|Any CPU
		{3CDB0932-C5B2-4FB5-9F59-7F3E1F5D1FAE}.Debug|Any CPU.Build.0 = Debug|Any CPU
		{3CDB0932-C5B2-4FB5-9F59-7F3E1F5D1FAE}.Release|Any CPU.ActiveCfg = Release|Any CPU
		{3CDB0932-C5B2-4FB5-9F59-7F3E1F5D1FAE}.Release|Any CPU.Build.0 = Release|Any CPU
		{823262A1-1F5E-416F-BE33-775184F04E6F}.Debug|Any CPU.ActiveCfg = Debug|Any CPU
		{823262A1-1F5E-416F-BE33-775184F04E6F}.Debug|Any CPU.Build.0 = Debug|Any CPU
		{823262A1-1F5E-416F-BE33-775184F04E6F}.Release|Any CPU.ActiveCfg = Release|Any CPU
		{823262A1-1F5E-416F-BE33-775184F04E6F}.Release|Any CPU.Build.0 = Release|Any CPU
	EndGlobalSection
	GlobalSection(SolutionProperties) = preSolution
		HideSolutionNode = FALSE
	EndGlobalSection
	GlobalSection(ExtensibilityGlobals) = postSolution
		SolutionGuid = {A551F8B9-E472-4F62-B0EE-110239EB2667}
	EndGlobalSection
EndGlobal
